// !$*UTF8*$!
{
	archiveVersion = 1;
	classes = {
	};
	objectVersion = 52;
	objects = {

/* Begin PBXBuildFile section */
		5A05107E26537FE7008D7D74 /* ValueDisplayView.swift in Sources */ = {isa = PBXBuildFile; fileRef = 5A05107D26537FE7008D7D74 /* ValueDisplayView.swift */; };
		5A05108026538EAA008D7D74 /* MagnetometerView.swift in Sources */ = {isa = PBXBuildFile; fileRef = 5A05107F26538EAA008D7D74 /* MagnetometerView.swift */; };
		5A4C73582654AD2C00D75793 /* CodableCSV in Frameworks */ = {isa = PBXBuildFile; productRef = 5A4C73572654AD2C00D75793 /* CodableCSV */; };
		5A4C735A2654AD8E00D75793 /* FieldViewModel+Coding.swift in Sources */ = {isa = PBXBuildFile; fileRef = 5A4C73592654AD8E00D75793 /* FieldViewModel+Coding.swift */; };
		5A5D78CC2653F6AB005293B5 /* Environment.swift in Sources */ = {isa = PBXBuildFile; fileRef = 5A5D78CB2653F6AB005293B5 /* Environment.swift */; };
		5A9217F826549554001794EE /* iPhoneModel.usdz in Resources */ = {isa = PBXBuildFile; fileRef = 5A9217F726549554001794EE /* iPhoneModel.usdz */; };
		5A9217FA2654960C001794EE /* 3dDefineAxesView.swift in Sources */ = {isa = PBXBuildFile; fileRef = 5A9217F92654960C001794EE /* 3dDefineAxesView.swift */; };
		5A9217FE26549E1E001794EE /* iPhoneModel.scn in Resources */ = {isa = PBXBuildFile; fileRef = 5A9217FD26549E1E001794EE /* iPhoneModel.scn */; };
		5ACB02822653CDCA00D55C77 /* HeadingView.swift in Sources */ = {isa = PBXBuildFile; fileRef = 5ACB02812653CDCA00D55C77 /* HeadingView.swift */; };
		5AE03BA32654024300CB4BEF /* DefineAxesView.swift in Sources */ = {isa = PBXBuildFile; fileRef = 5AE03BA22654024300CB4BEF /* DefineAxesView.swift */; };
		5AF30CC72652547600B74B5D /* GaussMeterApp.swift in Sources */ = {isa = PBXBuildFile; fileRef = 5AF30CC62652547600B74B5D /* GaussMeterApp.swift */; };
		5AF30CC92652547600B74B5D /* ContentView.swift in Sources */ = {isa = PBXBuildFile; fileRef = 5AF30CC82652547600B74B5D /* ContentView.swift */; };
		5AF30CCB2652547700B74B5D /* Assets.xcassets in Resources */ = {isa = PBXBuildFile; fileRef = 5AF30CCA2652547700B74B5D /* Assets.xcassets */; };
		5AF30CCE2652547700B74B5D /* Preview Assets.xcassets in Resources */ = {isa = PBXBuildFile; fileRef = 5AF30CCD2652547700B74B5D /* Preview Assets.xcassets */; };
		5AF30CD62652548D00B74B5D /* MagnetometerManager.swift in Sources */ = {isa = PBXBuildFile; fileRef = 5AF30CD52652548D00B74B5D /* MagnetometerManager.swift */; };
		5AF30CD826525E5600B74B5D /* MagnometerFormatter.swift in Sources */ = {isa = PBXBuildFile; fileRef = 5AF30CD726525E5600B74B5D /* MagnometerFormatter.swift */; };
		5AF30CE02653297E00B74B5D /* FieldView.swift in Sources */ = {isa = PBXBuildFile; fileRef = 5AF30CDF2653297E00B74B5D /* FieldView.swift */; };
		5AF30CE22653376F00B74B5D /* FieldViewModel.swift in Sources */ = {isa = PBXBuildFile; fileRef = 5AF30CE12653376F00B74B5D /* FieldViewModel.swift */; };
		5AF30CE426533C4E00B74B5D /* Magnetometer.swift in Sources */ = {isa = PBXBuildFile; fileRef = 5AF30CE326533C4E00B74B5D /* Magnetometer.swift */; };
		5AF30CE626534C1D00B74B5D /* Extensions.swift in Sources */ = {isa = PBXBuildFile; fileRef = 5AF30CE526534C1D00B74B5D /* Extensions.swift */; };
		5AF30CE8265350FB00B74B5D /* Compass.swift in Sources */ = {isa = PBXBuildFile; fileRef = 5AF30CE7265350FB00B74B5D /* Compass.swift */; };
		5AF30CEA2653512E00B74B5D /* Field.swift in Sources */ = {isa = PBXBuildFile; fileRef = 5AF30CE92653512E00B74B5D /* Field.swift */; };
/* End PBXBuildFile section */

/* Begin PBXFileReference section */
		5A05107D26537FE7008D7D74 /* ValueDisplayView.swift */ = {isa = PBXFileReference; lastKnownFileType = sourcecode.swift; path = ValueDisplayView.swift; sourceTree = "<group>"; };
		5A05107F26538EAA008D7D74 /* MagnetometerView.swift */ = {isa = PBXFileReference; lastKnownFileType = sourcecode.swift; path = MagnetometerView.swift; sourceTree = "<group>"; };
		5A4C73592654AD8E00D75793 /* FieldViewModel+Coding.swift */ = {isa = PBXFileReference; lastKnownFileType = sourcecode.swift; path = "FieldViewModel+Coding.swift"; sourceTree = "<group>"; };
		5A5D78CB2653F6AB005293B5 /* Environment.swift */ = {isa = PBXFileReference; lastKnownFileType = sourcecode.swift; path = Environment.swift; sourceTree = "<group>"; };
		5A9217F726549554001794EE /* iPhoneModel.usdz */ = {isa = PBXFileReference; lastKnownFileType = file.usdz; path = iPhoneModel.usdz; sourceTree = "<group>"; };
		5A9217F92654960C001794EE /* 3dDefineAxesView.swift */ = {isa = PBXFileReference; lastKnownFileType = sourcecode.swift; path = 3dDefineAxesView.swift; sourceTree = "<group>"; };
		5A9217FD26549E1E001794EE /* iPhoneModel.scn */ = {isa = PBXFileReference; lastKnownFileType = file.bplist; path = iPhoneModel.scn; sourceTree = "<group>"; };
		5ACB02812653CDCA00D55C77 /* HeadingView.swift */ = {isa = PBXFileReference; lastKnownFileType = sourcecode.swift; path = HeadingView.swift; sourceTree = "<group>"; };
		5AE03BA22654024300CB4BEF /* DefineAxesView.swift */ = {isa = PBXFileReference; lastKnownFileType = sourcecode.swift; path = DefineAxesView.swift; sourceTree = "<group>"; };
		5AF30CC32652547600B74B5D /* GaussMeter.app */ = {isa = PBXFileReference; explicitFileType = wrapper.application; includeInIndex = 0; path = GaussMeter.app; sourceTree = BUILT_PRODUCTS_DIR; };
		5AF30CC62652547600B74B5D /* GaussMeterApp.swift */ = {isa = PBXFileReference; lastKnownFileType = sourcecode.swift; path = GaussMeterApp.swift; sourceTree = "<group>"; };
		5AF30CC82652547600B74B5D /* ContentView.swift */ = {isa = PBXFileReference; lastKnownFileType = sourcecode.swift; path = ContentView.swift; sourceTree = "<group>"; };
		5AF30CCA2652547700B74B5D /* Assets.xcassets */ = {isa = PBXFileReference; lastKnownFileType = folder.assetcatalog; path = Assets.xcassets; sourceTree = "<group>"; };
		5AF30CCD2652547700B74B5D /* Preview Assets.xcassets */ = {isa = PBXFileReference; lastKnownFileType = folder.assetcatalog; path = "Preview Assets.xcassets"; sourceTree = "<group>"; };
		5AF30CCF2652547700B74B5D /* Info.plist */ = {isa = PBXFileReference; lastKnownFileType = text.plist.xml; path = Info.plist; sourceTree = "<group>"; };
		5AF30CD52652548D00B74B5D /* MagnetometerManager.swift */ = {isa = PBXFileReference; lastKnownFileType = sourcecode.swift; path = MagnetometerManager.swift; sourceTree = "<group>"; };
		5AF30CD726525E5600B74B5D /* MagnometerFormatter.swift */ = {isa = PBXFileReference; lastKnownFileType = sourcecode.swift; path = MagnometerFormatter.swift; sourceTree = "<group>"; };
		5AF30CDF2653297E00B74B5D /* FieldView.swift */ = {isa = PBXFileReference; lastKnownFileType = sourcecode.swift; path = FieldView.swift; sourceTree = "<group>"; };
		5AF30CE12653376F00B74B5D /* FieldViewModel.swift */ = {isa = PBXFileReference; lastKnownFileType = sourcecode.swift; path = FieldViewModel.swift; sourceTree = "<group>"; };
		5AF30CE326533C4E00B74B5D /* Magnetometer.swift */ = {isa = PBXFileReference; lastKnownFileType = sourcecode.swift; path = Magnetometer.swift; sourceTree = "<group>"; };
		5AF30CE526534C1D00B74B5D /* Extensions.swift */ = {isa = PBXFileReference; lastKnownFileType = sourcecode.swift; path = Extensions.swift; sourceTree = "<group>"; };
		5AF30CE7265350FB00B74B5D /* Compass.swift */ = {isa = PBXFileReference; lastKnownFileType = sourcecode.swift; path = Compass.swift; sourceTree = "<group>"; };
		5AF30CE92653512E00B74B5D /* Field.swift */ = {isa = PBXFileReference; lastKnownFileType = sourcecode.swift; path = Field.swift; sourceTree = "<group>"; };
/* End PBXFileReference section */

/* Begin PBXFrameworksBuildPhase section */
		5AF30CC02652547600B74B5D /* Frameworks */ = {
			isa = PBXFrameworksBuildPhase;
			buildActionMask = 2147483647;
			files = (
				5A4C73582654AD2C00D75793 /* CodableCSV in Frameworks */,
			);
			runOnlyForDeploymentPostprocessing = 0;
		};
/* End PBXFrameworksBuildPhase section */

/* Begin PBXGroup section */
		5AF30CBA2652547600B74B5D = {
			isa = PBXGroup;
			children = (
				5AF30CC52652547600B74B5D /* GaussMeter */,
				5AF30CC42652547600B74B5D /* Products */,
			);
			sourceTree = "<group>";
		};
		5AF30CC42652547600B74B5D /* Products */ = {
			isa = PBXGroup;
			children = (
				5AF30CC32652547600B74B5D /* GaussMeter.app */,
			);
			name = Products;
			sourceTree = "<group>";
		};
		5AF30CC52652547600B74B5D /* GaussMeter */ = {
			isa = PBXGroup;
			children = (
				5AF30CC62652547600B74B5D /* GaussMeterApp.swift */,
				5AF30CC82652547600B74B5D /* ContentView.swift */,
				5ACB02812653CDCA00D55C77 /* HeadingView.swift */,
				5A5D78CB2653F6AB005293B5 /* Environment.swift */,
				5A05107F26538EAA008D7D74 /* MagnetometerView.swift */,
				5A9217F92654960C001794EE /* 3dDefineAxesView.swift */,
				5A9217F726549554001794EE /* iPhoneModel.usdz */,
				5A9217FD26549E1E001794EE /* iPhoneModel.scn */,
				5A05107D26537FE7008D7D74 /* ValueDisplayView.swift */,
				5AF30CE7265350FB00B74B5D /* Compass.swift */,
				5AF30CDF2653297E00B74B5D /* FieldView.swift */,
				5AE03BA22654024300CB4BEF /* DefineAxesView.swift */,
				5AF30CE526534C1D00B74B5D /* Extensions.swift */,
				5AF30CE92653512E00B74B5D /* Field.swift */,
				5AF30CE12653376F00B74B5D /* FieldViewModel.swift */,
				5A4C73592654AD8E00D75793 /* FieldViewModel+Coding.swift */,
				5AF30CD52652548D00B74B5D /* MagnetometerManager.swift */,
				5AF30CE326533C4E00B74B5D /* Magnetometer.swift */,
				5AF30CD726525E5600B74B5D /* MagnometerFormatter.swift */,
				5AF30CCA2652547700B74B5D /* Assets.xcassets */,
				5AF30CCF2652547700B74B5D /* Info.plist */,
				5AF30CCC2652547700B74B5D /* Preview Content */,
			);
			path = GaussMeter;
			sourceTree = "<group>";
		};
		5AF30CCC2652547700B74B5D /* Preview Content */ = {
			isa = PBXGroup;
			children = (
				5AF30CCD2652547700B74B5D /* Preview Assets.xcassets */,
			);
			path = "Preview Content";
			sourceTree = "<group>";
		};
/* End PBXGroup section */

/* Begin PBXNativeTarget section */
		5AF30CC22652547600B74B5D /* GaussMeter */ = {
			isa = PBXNativeTarget;
			buildConfigurationList = 5AF30CD22652547700B74B5D /* Build configuration list for PBXNativeTarget "GaussMeter" */;
			buildPhases = (
				5AF30CBF2652547600B74B5D /* Sources */,
				5AF30CC02652547600B74B5D /* Frameworks */,
				5AF30CC12652547600B74B5D /* Resources */,
			);
			buildRules = (
			);
			dependencies = (
			);
			name = GaussMeter;
			packageProductDependencies = (
				5A4C73572654AD2C00D75793 /* CodableCSV */,
			);
			productName = GaussMeter;
			productReference = 5AF30CC32652547600B74B5D /* GaussMeter.app */;
			productType = "com.apple.product-type.application";
		};
/* End PBXNativeTarget section */

/* Begin PBXProject section */
		5AF30CBB2652547600B74B5D /* Project object */ = {
			isa = PBXProject;
			attributes = {
				LastSwiftUpdateCheck = 1250;
				LastUpgradeCheck = 1250;
				TargetAttributes = {
					5AF30CC22652547600B74B5D = {
						CreatedOnToolsVersion = 12.5;
					};
				};
			};
			buildConfigurationList = 5AF30CBE2652547600B74B5D /* Build configuration list for PBXProject "GaussMeter" */;
			compatibilityVersion = "Xcode 9.3";
			developmentRegion = en;
			hasScannedForEncodings = 0;
			knownRegions = (
				en,
				Base,
			);
			mainGroup = 5AF30CBA2652547600B74B5D;
			packageReferences = (
				5A4C73562654AD2C00D75793 /* XCRemoteSwiftPackageReference "CodableCSV" */,
			);
			productRefGroup = 5AF30CC42652547600B74B5D /* Products */;
			projectDirPath = "";
			projectRoot = "";
			targets = (
				5AF30CC22652547600B74B5D /* GaussMeter */,
			);
		};
/* End PBXProject section */

/* Begin PBXResourcesBuildPhase section */
		5AF30CC12652547600B74B5D /* Resources */ = {
			isa = PBXResourcesBuildPhase;
			buildActionMask = 2147483647;
			files = (
				5A9217FE26549E1E001794EE /* iPhoneModel.scn in Resources */,
				5AF30CCE2652547700B74B5D /* Preview Assets.xcassets in Resources */,
				5AF30CCB2652547700B74B5D /* Assets.xcassets in Resources */,
				5A9217F826549554001794EE /* iPhoneModel.usdz in Resources */,
			);
			runOnlyForDeploymentPostprocessing = 0;
		};
/* End PBXResourcesBuildPhase section */

/* Begin PBXSourcesBuildPhase section */
		5AF30CBF2652547600B74B5D /* Sources */ = {
			isa = PBXSourcesBuildPhase;
			buildActionMask = 2147483647;
			files = (
				5AE03BA32654024300CB4BEF /* DefineAxesView.swift in Sources */,
				5A4C735A2654AD8E00D75793 /* FieldViewModel+Coding.swift in Sources */,
				5A05108026538EAA008D7D74 /* MagnetometerView.swift in Sources */,
				5AF30CEA2653512E00B74B5D /* Field.swift in Sources */,
				5AF30CE22653376F00B74B5D /* FieldViewModel.swift in Sources */,
				5A5D78CC2653F6AB005293B5 /* Environment.swift in Sources */,
				5AF30CE02653297E00B74B5D /* FieldView.swift in Sources */,
				5A05107E26537FE7008D7D74 /* ValueDisplayView.swift in Sources */,
				5AF30CC92652547600B74B5D /* ContentView.swift in Sources */,
				5AF30CE626534C1D00B74B5D /* Extensions.swift in Sources */,
				5AF30CD826525E5600B74B5D /* MagnometerFormatter.swift in Sources */,
				5AF30CE426533C4E00B74B5D /* Magnetometer.swift in Sources */,
				5AF30CD62652548D00B74B5D /* MagnetometerManager.swift in Sources */,
				5AF30CC72652547600B74B5D /* GaussMeterApp.swift in Sources */,
				5AF30CE8265350FB00B74B5D /* Compass.swift in Sources */,
				5ACB02822653CDCA00D55C77 /* HeadingView.swift in Sources */,
				5A9217FA2654960C001794EE /* 3dDefineAxesView.swift in Sources */,
			);
			runOnlyForDeploymentPostprocessing = 0;
		};
/* End PBXSourcesBuildPhase section */

/* Begin XCBuildConfiguration section */
		5AF30CD02652547700B74B5D /* Debug */ = {
			isa = XCBuildConfiguration;
			buildSettings = {
				ALWAYS_SEARCH_USER_PATHS = NO;
				CLANG_ANALYZER_NONNULL = YES;
				CLANG_ANALYZER_NUMBER_OBJECT_CONVERSION = YES_AGGRESSIVE;
				CLANG_CXX_LANGUAGE_STANDARD = "gnu++14";
				CLANG_CXX_LIBRARY = "libc++";
				CLANG_ENABLE_MODULES = YES;
				CLANG_ENABLE_OBJC_ARC = YES;
				CLANG_ENABLE_OBJC_WEAK = YES;
				CLANG_WARN_BLOCK_CAPTURE_AUTORELEASING = YES;
				CLANG_WARN_BOOL_CONVERSION = YES;
				CLANG_WARN_COMMA = YES;
				CLANG_WARN_CONSTANT_CONVERSION = YES;
				CLANG_WARN_DEPRECATED_OBJC_IMPLEMENTATIONS = YES;
				CLANG_WARN_DIRECT_OBJC_ISA_USAGE = YES_ERROR;
				CLANG_WARN_DOCUMENTATION_COMMENTS = YES;
				CLANG_WARN_EMPTY_BODY = YES;
				CLANG_WARN_ENUM_CONVERSION = YES;
				CLANG_WARN_INFINITE_RECURSION = YES;
				CLANG_WARN_INT_CONVERSION = YES;
				CLANG_WARN_NON_LITERAL_NULL_CONVERSION = YES;
				CLANG_WARN_OBJC_IMPLICIT_RETAIN_SELF = YES;
				CLANG_WARN_OBJC_LITERAL_CONVERSION = YES;
				CLANG_WARN_OBJC_ROOT_CLASS = YES_ERROR;
				CLANG_WARN_QUOTED_INCLUDE_IN_FRAMEWORK_HEADER = YES;
				CLANG_WARN_RANGE_LOOP_ANALYSIS = YES;
				CLANG_WARN_STRICT_PROTOTYPES = YES;
				CLANG_WARN_SUSPICIOUS_MOVE = YES;
				CLANG_WARN_UNGUARDED_AVAILABILITY = YES_AGGRESSIVE;
				CLANG_WARN_UNREACHABLE_CODE = YES;
				CLANG_WARN__DUPLICATE_METHOD_MATCH = YES;
				COPY_PHASE_STRIP = NO;
				DEBUG_INFORMATION_FORMAT = dwarf;
				ENABLE_STRICT_OBJC_MSGSEND = YES;
				ENABLE_TESTABILITY = YES;
				GCC_C_LANGUAGE_STANDARD = gnu11;
				GCC_DYNAMIC_NO_PIC = NO;
				GCC_NO_COMMON_BLOCKS = YES;
				GCC_OPTIMIZATION_LEVEL = 0;
				GCC_PREPROCESSOR_DEFINITIONS = (
					"DEBUG=1",
					"$(inherited)",
				);
				GCC_WARN_64_TO_32_BIT_CONVERSION = YES;
				GCC_WARN_ABOUT_RETURN_TYPE = YES_ERROR;
				GCC_WARN_UNDECLARED_SELECTOR = YES;
				GCC_WARN_UNINITIALIZED_AUTOS = YES_AGGRESSIVE;
				GCC_WARN_UNUSED_FUNCTION = YES;
				GCC_WARN_UNUSED_VARIABLE = YES;
				IPHONEOS_DEPLOYMENT_TARGET = 14.5;
				MTL_ENABLE_DEBUG_INFO = INCLUDE_SOURCE;
				MTL_FAST_MATH = YES;
				ONLY_ACTIVE_ARCH = YES;
				SDKROOT = iphoneos;
				SWIFT_ACTIVE_COMPILATION_CONDITIONS = DEBUG;
				SWIFT_OPTIMIZATION_LEVEL = "-Onone";
			};
			name = Debug;
		};
		5AF30CD12652547700B74B5D /* Release */ = {
			isa = XCBuildConfiguration;
			buildSettings = {
				ALWAYS_SEARCH_USER_PATHS = NO;
				CLANG_ANALYZER_NONNULL = YES;
				CLANG_ANALYZER_NUMBER_OBJECT_CONVERSION = YES_AGGRESSIVE;
				CLANG_CXX_LANGUAGE_STANDARD = "gnu++14";
				CLANG_CXX_LIBRARY = "libc++";
				CLANG_ENABLE_MODULES = YES;
				CLANG_ENABLE_OBJC_ARC = YES;
				CLANG_ENABLE_OBJC_WEAK = YES;
				CLANG_WARN_BLOCK_CAPTURE_AUTORELEASING = YES;
				CLANG_WARN_BOOL_CONVERSION = YES;
				CLANG_WARN_COMMA = YES;
				CLANG_WARN_CONSTANT_CONVERSION = YES;
				CLANG_WARN_DEPRECATED_OBJC_IMPLEMENTATIONS = YES;
				CLANG_WARN_DIRECT_OBJC_ISA_USAGE = YES_ERROR;
				CLANG_WARN_DOCUMENTATION_COMMENTS = YES;
				CLANG_WARN_EMPTY_BODY = YES;
				CLANG_WARN_ENUM_CONVERSION = YES;
				CLANG_WARN_INFINITE_RECURSION = YES;
				CLANG_WARN_INT_CONVERSION = YES;
				CLANG_WARN_NON_LITERAL_NULL_CONVERSION = YES;
				CLANG_WARN_OBJC_IMPLICIT_RETAIN_SELF = YES;
				CLANG_WARN_OBJC_LITERAL_CONVERSION = YES;
				CLANG_WARN_OBJC_ROOT_CLASS = YES_ERROR;
				CLANG_WARN_QUOTED_INCLUDE_IN_FRAMEWORK_HEADER = YES;
				CLANG_WARN_RANGE_LOOP_ANALYSIS = YES;
				CLANG_WARN_STRICT_PROTOTYPES = YES;
				CLANG_WARN_SUSPICIOUS_MOVE = YES;
				CLANG_WARN_UNGUARDED_AVAILABILITY = YES_AGGRESSIVE;
				CLANG_WARN_UNREACHABLE_CODE = YES;
				CLANG_WARN__DUPLICATE_METHOD_MATCH = YES;
				COPY_PHASE_STRIP = NO;
				DEBUG_INFORMATION_FORMAT = "dwarf-with-dsym";
				ENABLE_NS_ASSERTIONS = NO;
				ENABLE_STRICT_OBJC_MSGSEND = YES;
				GCC_C_LANGUAGE_STANDARD = gnu11;
				GCC_NO_COMMON_BLOCKS = YES;
				GCC_WARN_64_TO_32_BIT_CONVERSION = YES;
				GCC_WARN_ABOUT_RETURN_TYPE = YES_ERROR;
				GCC_WARN_UNDECLARED_SELECTOR = YES;
				GCC_WARN_UNINITIALIZED_AUTOS = YES_AGGRESSIVE;
				GCC_WARN_UNUSED_FUNCTION = YES;
				GCC_WARN_UNUSED_VARIABLE = YES;
				IPHONEOS_DEPLOYMENT_TARGET = 14.5;
				MTL_ENABLE_DEBUG_INFO = NO;
				MTL_FAST_MATH = YES;
				SDKROOT = iphoneos;
				SWIFT_COMPILATION_MODE = wholemodule;
				SWIFT_OPTIMIZATION_LEVEL = "-O";
				VALIDATE_PRODUCT = YES;
			};
			name = Release;
		};
		5AF30CD32652547700B74B5D /* Debug */ = {
			isa = XCBuildConfiguration;
			buildSettings = {
				ASSETCATALOG_COMPILER_APPICON_NAME = AppIcon;
				ASSETCATALOG_COMPILER_GLOBAL_ACCENT_COLOR_NAME = AccentColor;
				CODE_SIGN_STYLE = Automatic;
				DEVELOPMENT_ASSET_PATHS = "\"GaussMeter/Preview Content\"";
				DEVELOPMENT_TEAM = DVQ96RL2KL;
				ENABLE_PREVIEWS = YES;
				INFOPLIST_FILE = GaussMeter/Info.plist;
				IPHONEOS_DEPLOYMENT_TARGET = 14.0;
				LD_RUNPATH_SEARCH_PATHS = (
					"$(inherited)",
					"@executable_path/Frameworks",
				);
				PRODUCT_BUNDLE_IDENTIFIER = com.telethon.GaussMeter;
				PRODUCT_NAME = "$(TARGET_NAME)";
				SWIFT_VERSION = 5.0;
				TARGETED_DEVICE_FAMILY = "1,2";
			};
			name = Debug;
		};
		5AF30CD42652547700B74B5D /* Release */ = {
			isa = XCBuildConfiguration;
			buildSettings = {
				ASSETCATALOG_COMPILER_APPICON_NAME = AppIcon;
				ASSETCATALOG_COMPILER_GLOBAL_ACCENT_COLOR_NAME = AccentColor;
				CODE_SIGN_STYLE = Automatic;
				DEVELOPMENT_ASSET_PATHS = "\"GaussMeter/Preview Content\"";
				DEVELOPMENT_TEAM = DVQ96RL2KL;
				ENABLE_PREVIEWS = YES;
				INFOPLIST_FILE = GaussMeter/Info.plist;
				IPHONEOS_DEPLOYMENT_TARGET = 14.0;
				LD_RUNPATH_SEARCH_PATHS = (
					"$(inherited)",
					"@executable_path/Frameworks",
				);
				PRODUCT_BUNDLE_IDENTIFIER = com.telethon.GaussMeter;
				PRODUCT_NAME = "$(TARGET_NAME)";
				SWIFT_VERSION = 5.0;
				TARGETED_DEVICE_FAMILY = "1,2";
			};
			name = Release;
		};
/* End XCBuildConfiguration section */

/* Begin XCConfigurationList section */
		5AF30CBE2652547600B74B5D /* Build configuration list for PBXProject "GaussMeter" */ = {
			isa = XCConfigurationList;
			buildConfigurations = (
				5AF30CD02652547700B74B5D /* Debug */,
				5AF30CD12652547700B74B5D /* Release */,
			);
			defaultConfigurationIsVisible = 0;
			defaultConfigurationName = Release;
		};
		5AF30CD22652547700B74B5D /* Build configuration list for PBXNativeTarget "GaussMeter" */ = {
			isa = XCConfigurationList;
			buildConfigurations = (
				5AF30CD32652547700B74B5D /* Debug */,
				5AF30CD42652547700B74B5D /* Release */,
			);
			defaultConfigurationIsVisible = 0;
			defaultConfigurationName = Release;
		};
/* End XCConfigurationList section */

/* Begin XCRemoteSwiftPackageReference section */
		5A4C73562654AD2C00D75793 /* XCRemoteSwiftPackageReference "CodableCSV" */ = {
			isa = XCRemoteSwiftPackageReference;
			repositoryURL = "https://github.com/dehesa/CodableCSV.git";
			requirement = {
				kind = upToNextMajorVersion;
				minimumVersion = 0.6.6;
			};
		};
/* End XCRemoteSwiftPackageReference section */

/* Begin XCSwiftPackageProductDependency section */
		5A4C73572654AD2C00D75793 /* CodableCSV */ = {
			isa = XCSwiftPackageProductDependency;
			package = 5A4C73562654AD2C00D75793 /* XCRemoteSwiftPackageReference "CodableCSV" */;
			productName = CodableCSV;
		};
/* End XCSwiftPackageProductDependency section */
	};
	rootObject = 5AF30CBB2652547600B74B5D /* Project object */;
}
